
Microsoft Visual Studio Solution File, Format Version 12.00
# Visual Studio Version 16
VisualStudioVersion = 16.0.31702.278
MinimumVisualStudioVersion = 10.0.40219.1
Project("{FAE04EC0-301F-11D3-BF4B-00C04F79EFBC}") = "Wpf_HW_2", "Wpf_HW_2\Wpf_HW_2.csproj", "{50049E5C-BAF4-4B5A-8ECA-20A4CDA88C08}"
EndProject
Global
	GlobalSection(SolutionConfigurationPlatforms) = preSolution
		Debug|Any CPU = Debug|Any CPU
		Release|Any CPU = Release|Any CPU
	EndGlobalSection
	GlobalSection(ProjectConfigurationPlatforms) = postSolution
		{50049E5C-BAF4-4B5A-8ECA-20A4CDA88C08}.Debug|Any CPU.ActiveCfg = Debug|Any CPU
		{50049E5C-BAF4-4B5A-8ECA-20A4CDA88C08}.Debug|Any CPU.Build.0 = Debug|Any CPU
		{50049E5C-BAF4-4B5A-8ECA-20A4CDA88C08}.Release|Any CPU.ActiveCfg = Release|Any CPU
		{50049E5C-BAF4-4B5A-8ECA-20A4CDA88C08}.Release|Any CPU.Build.0 = Release|Any CPU
	EndGlobalSection
	GlobalSection(SolutionProperties) = preSolution
		HideSolutionNode = FALSE
	EndGlobalSection
	GlobalSection(ExtensibilityGlobals) = postSolution
		SolutionGuid = {D6A115C6-1C69-469F-91EA-838050B3DBCF}
	EndGlobalSection
EndGlobal
